
Microsoft Visual Studio Solution File, Format Version 12.00
# Visual Studio Version 16
VisualStudioVersion = 16.0.31129.286
MinimumVisualStudioVersion = 10.0.40219.1
Project("{8BC9CEB8-8B4A-11D0-8D11-00A0C91BC942}") = "appdev1", "appdev\appdev.vcxproj", "{E197CC3B-2A43-4A5B-81CE-318014DAA14F}"
EndProject
Project("{8BC9CEB8-8B4A-11D0-8D11-00A0C91BC942}") = "first_task", "first_task\first_task.vcxproj", "{FB5075C0-2478-4257-B9C4-C4DF95E057AC}"
EndProject
Project("{8BC9CEB8-8B4A-11D0-8D11-00A0C91BC942}") = "Curl_test", "Curl_test\Curl_test.vcxproj", "{C49F3292-F2D8-4A57-8D57-315D6337CAA3}"
EndProject
Project("{8BC9CEB8-8B4A-11D0-8D11-00A0C91BC942}") = "post", "post\post.vcxproj", "{F8725FE5-F97F-4AC7-BD06-22C6B8E9690D}"
EndProject
Project("{8BC9CEB8-8B4A-11D0-8D11-00A0C91BC942}") = "rock", "rock\rock.vcxproj", "{CB4D9136-3549-46BA-BCD8-7FBFA04F2F07}"
EndProject
Global
	GlobalSection(SolutionConfigurationPlatforms) = preSolution
		Debug|x64 = Debug|x64
		Debug|x86 = Debug|x86
		Release|x64 = Release|x64
		Release|x86 = Release|x86
	EndGlobalSection
	GlobalSection(ProjectConfigurationPlatforms) = postSolution
		{E197CC3B-2A43-4A5B-81CE-318014DAA14F}.Debug|x64.ActiveCfg = Debug|x64
		{E197CC3B-2A43-4A5B-81CE-318014DAA14F}.Debug|x64.Build.0 = Debug|x64
		{E197CC3B-2A43-4A5B-81CE-318014DAA14F}.Debug|x86.ActiveCfg = Debug|Win32
		{E197CC3B-2A43-4A5B-81CE-318014DAA14F}.Debug|x86.Build.0 = Debug|Win32
		{E197CC3B-2A43-4A5B-81CE-318014DAA14F}.Release|x64.ActiveCfg = Release|x64
		{E197CC3B-2A43-4A5B-81CE-318014DAA14F}.Release|x64.Build.0 = Release|x64
		{E197CC3B-2A43-4A5B-81CE-318014DAA14F}.Release|x86.ActiveCfg = Release|Win32
		{E197CC3B-2A43-4A5B-81CE-318014DAA14F}.Release|x86.Build.0 = Release|Win32
		{FB5075C0-2478-4257-B9C4-C4DF95E057AC}.Debug|x64.ActiveCfg = Debug|x64
		{FB5075C0-2478-4257-B9C4-C4DF95E057AC}.Debug|x64.Build.0 = Debug|x64
		{FB5075C0-2478-4257-B9C4-C4DF95E057AC}.Debug|x86.ActiveCfg = Debug|Win32
		{FB5075C0-2478-4257-B9C4-C4DF95E057AC}.Debug|x86.Build.0 = Debug|Win32
		{FB5075C0-2478-4257-B9C4-C4DF95E057AC}.Release|x64.ActiveCfg = Release|x64
		{FB5075C0-2478-4257-B9C4-C4DF95E057AC}.Release|x64.Build.0 = Release|x64
		{FB5075C0-2478-4257-B9C4-C4DF95E057AC}.Release|x86.ActiveCfg = Release|Win32
		{FB5075C0-2478-4257-B9C4-C4DF95E057AC}.Release|x86.Build.0 = Release|Win32
		{C49F3292-F2D8-4A57-8D57-315D6337CAA3}.Debug|x64.ActiveCfg = Debug|x64
		{C49F3292-F2D8-4A57-8D57-315D6337CAA3}.Debug|x64.Build.0 = Debug|x64
		{C49F3292-F2D8-4A57-8D57-315D6337CAA3}.Debug|x86.ActiveCfg = Debug|Win32
		{C49F3292-F2D8-4A57-8D57-315D6337CAA3}.Debug|x86.Build.0 = Debug|Win32
		{C49F3292-F2D8-4A57-8D57-315D6337CAA3}.Release|x64.ActiveCfg = Release|x64
		{C49F3292-F2D8-4A57-8D57-315D6337CAA3}.Release|x64.Build.0 = Release|x64
		{C49F3292-F2D8-4A57-8D57-315D6337CAA3}.Release|x86.ActiveCfg = Release|Win32
		{C49F3292-F2D8-4A57-8D57-315D6337CAA3}.Release|x86.Build.0 = Release|Win32
		{F8725FE5-F97F-4AC7-BD06-22C6B8E9690D}.Debug|x64.ActiveCfg = Debug|x64
		{F8725FE5-F97F-4AC7-BD06-22C6B8E9690D}.Debug|x64.Build.0 = Debug|x64
		{F8725FE5-F97F-4AC7-BD06-22C6B8E9690D}.Debug|x86.ActiveCfg = Debug|Win32
		{F8725FE5-F97F-4AC7-BD06-22C6B8E9690D}.Debug|x86.Build.0 = Debug|Win32
		{F8725FE5-F97F-4AC7-BD06-22C6B8E9690D}.Release|x64.ActiveCfg = Release|x64
		{F8725FE5-F97F-4AC7-BD06-22C6B8E9690D}.Release|x64.Build.0 = Release|x64
		{F8725FE5-F97F-4AC7-BD06-22C6B8E9690D}.Release|x86.ActiveCfg = Release|Win32
		{F8725FE5-F97F-4AC7-BD06-22C6B8E9690D}.Release|x86.Build.0 = Release|Win32
		{CB4D9136-3549-46BA-BCD8-7FBFA04F2F07}.Debug|x64.ActiveCfg = Debug|x64
		{CB4D9136-3549-46BA-BCD8-7FBFA04F2F07}.Debug|x64.Build.0 = Debug|x64
		{CB4D9136-3549-46BA-BCD8-7FBFA04F2F07}.Debug|x86.ActiveCfg = Debug|Win32
		{CB4D9136-3549-46BA-BCD8-7FBFA04F2F07}.Debug|x86.Build.0 = Debug|Win32
		{CB4D9136-3549-46BA-BCD8-7FBFA04F2F07}.Release|x64.ActiveCfg = Release|x64
		{CB4D9136-3549-46BA-BCD8-7FBFA04F2F07}.Release|x64.Build.0 = Release|x64
		{CB4D9136-3549-46BA-BCD8-7FBFA04F2F07}.Release|x86.ActiveCfg = Release|Win32
		{CB4D9136-3549-46BA-BCD8-7FBFA04F2F07}.Release|x86.Build.0 = Release|Win32
	EndGlobalSection
	GlobalSection(SolutionProperties) = preSolution
		HideSolutionNode = FALSE
	EndGlobalSection
	GlobalSection(ExtensibilityGlobals) = postSolution
		SolutionGuid = {C6EB934C-83E1-42B1-95C3-450205A15EBD}
	EndGlobalSection
EndGlobal
